
Microsoft Visual Studio Solution File, Format Version 12.00
# Visual Studio Version 16
VisualStudioVersion = 16.0.30517.126
MinimumVisualStudioVersion = 10.0.40219.1
Project("{FAE04EC0-301F-11D3-BF4B-00C04F79EFBC}") = "ByteExtraction", "ByteExtraction.csproj", "{DF4DCE0B-521C-42D3-8477-35D284FFDD07}"
EndProject
Global
	GlobalSection(SolutionConfigurationPlatforms) = preSolution
		Debug|Any CPU = Debug|Any CPU
		Release|Any CPU = Release|Any CPU
	EndGlobalSection
	GlobalSection(ProjectConfigurationPlatforms) = postSolution
		{DF4DCE0B-521C-42D3-8477-35D284FFDD07}.Debug|Any CPU.ActiveCfg = Debug|Any CPU
		{DF4DCE0B-521C-42D3-8477-35D284FFDD07}.Debug|Any CPU.Build.0 = Debug|Any CPU
		{DF4DCE0B-521C-42D3-8477-35D284FFDD07}.Release|Any CPU.ActiveCfg = Release|Any CPU
		{DF4DCE0B-521C-42D3-8477-35D284FFDD07}.Release|Any CPU.Build.0 = Release|Any CPU
	EndGlobalSection
	GlobalSection(SolutionProperties) = preSolution
		HideSolutionNode = FALSE
	EndGlobalSection
	GlobalSection(ExtensibilityGlobals) = postSolution
		SolutionGuid = {C66235BB-9302-4BF8-B4A2-169F4B89118E}
	EndGlobalSection
EndGlobal
